// !$*UTF8*$!
{
	archiveVersion = 1;
	classes = {
	};
	objectVersion = 50;
	objects = {

/* Begin PBXBuildFile section */
		6308E79726101FD1002DA988 /* AppDelegate.m in Sources */ = {isa = PBXBuildFile; fileRef = 6308E79626101FD1002DA988 /* AppDelegate.m */; };
		6308E79D26101FD1002DA988 /* ViewController.m in Sources */ = {isa = PBXBuildFile; fileRef = 6308E79C26101FD1002DA988 /* ViewController.m */; };
		6308E7A026101FD1002DA988 /* Main.storyboard in Resources */ = {isa = PBXBuildFile; fileRef = 6308E79E26101FD1002DA988 /* Main.storyboard */; };
		6308E7A326101FD1002DA988 /* shadowSocket.xcdatamodeld in Sources */ = {isa = PBXBuildFile; fileRef = 6308E7A126101FD1002DA988 /* shadowSocket.xcdatamodeld */; };
		6308E7A526101FD3002DA988 /* Assets.xcassets in Resources */ = {isa = PBXBuildFile; fileRef = 6308E7A426101FD3002DA988 /* Assets.xcassets */; };
		6308E7A826101FD3002DA988 /* LaunchScreen.storyboard in Resources */ = {isa = PBXBuildFile; fileRef = 6308E7A626101FD3002DA988 /* LaunchScreen.storyboard */; };
		6308E7AB26101FD3002DA988 /* main.m in Sources */ = {isa = PBXBuildFile; fileRef = 6308E7AA26101FD3002DA988 /* main.m */; };
		6308E7B526101FD3002DA988 /* shadowSocketTests.m in Sources */ = {isa = PBXBuildFile; fileRef = 6308E7B426101FD3002DA988 /* shadowSocketTests.m */; };
		6308E7C026101FD3002DA988 /* shadowSocketUITests.m in Sources */ = {isa = PBXBuildFile; fileRef = 6308E7BF26101FD3002DA988 /* shadowSocketUITests.m */; };
		63103216263E4E4A00757009 /* AioServer.m in Sources */ = {isa = PBXBuildFile; fileRef = 63103215263E4E4A00757009 /* AioServer.m */; };
		63F3968926230B1C009F91C1 /* GCDAsyncSocket.m in Sources */ = {isa = PBXBuildFile; fileRef = 63F3968626230B1C009F91C1 /* GCDAsyncSocket.m */; };
/* End PBXBuildFile section */

/* Begin PBXContainerItemProxy section */
		6308E7B126101FD3002DA988 /* PBXContainerItemProxy */ = {
			isa = PBXContainerItemProxy;
			containerPortal = 6308E78A26101FD1002DA988 /* Project object */;
			proxyType = 1;
			remoteGlobalIDString = 6308E79126101FD1002DA988;
			remoteInfo = shadowSocket;
		};
		6308E7BC26101FD3002DA988 /* PBXContainerItemProxy */ = {
			isa = PBXContainerItemProxy;
			containerPortal = 6308E78A26101FD1002DA988 /* Project object */;
			proxyType = 1;
			remoteGlobalIDString = 6308E79126101FD1002DA988;
			remoteInfo = shadowSocket;
		};
/* End PBXContainerItemProxy section */

/* Begin PBXFileReference section */
		6308E79226101FD1002DA988 /* shadowSocket.app */ = {isa = PBXFileReference; explicitFileType = wrapper.application; includeInIndex = 0; path = shadowSocket.app; sourceTree = BUILT_PRODUCTS_DIR; };
		6308E79526101FD1002DA988 /* AppDelegate.h */ = {isa = PBXFileReference; lastKnownFileType = sourcecode.c.h; path = AppDelegate.h; sourceTree = "<group>"; };
		6308E79626101FD1002DA988 /* AppDelegate.m */ = {isa = PBXFileReference; lastKnownFileType = sourcecode.c.objc; path = AppDelegate.m; sourceTree = "<group>"; };
		6308E79B26101FD1002DA988 /* ViewController.h */ = {isa = PBXFileReference; lastKnownFileType = sourcecode.c.h; path = ViewController.h; sourceTree = "<group>"; };
		6308E79C26101FD1002DA988 /* ViewController.m */ = {isa = PBXFileReference; lastKnownFileType = sourcecode.c.objc; path = ViewController.m; sourceTree = "<group>"; };
		6308E79F26101FD1002DA988 /* Base */ = {isa = PBXFileReference; lastKnownFileType = file.storyboard; name = Base; path = Base.lproj/Main.storyboard; sourceTree = "<group>"; };
		6308E7A226101FD1002DA988 /* shadowSocket.xcdatamodel */ = {isa = PBXFileReference; lastKnownFileType = wrapper.xcdatamodel; path = shadowSocket.xcdatamodel; sourceTree = "<group>"; };
		6308E7A426101FD3002DA988 /* Assets.xcassets */ = {isa = PBXFileReference; lastKnownFileType = folder.assetcatalog; path = Assets.xcassets; sourceTree = "<group>"; };
		6308E7A726101FD3002DA988 /* Base */ = {isa = PBXFileReference; lastKnownFileType = file.storyboard; name = Base; path = Base.lproj/LaunchScreen.storyboard; sourceTree = "<group>"; };
		6308E7A926101FD3002DA988 /* Info.plist */ = {isa = PBXFileReference; lastKnownFileType = text.plist.xml; path = Info.plist; sourceTree = "<group>"; };
		6308E7AA26101FD3002DA988 /* main.m */ = {isa = PBXFileReference; lastKnownFileType = sourcecode.c.objc; path = main.m; sourceTree = "<group>"; };
		6308E7B026101FD3002DA988 /* shadowSocketTests.xctest */ = {isa = PBXFileReference; explicitFileType = wrapper.cfbundle; includeInIndex = 0; path = shadowSocketTests.xctest; sourceTree = BUILT_PRODUCTS_DIR; };
		6308E7B426101FD3002DA988 /* shadowSocketTests.m */ = {isa = PBXFileReference; lastKnownFileType = sourcecode.c.objc; path = shadowSocketTests.m; sourceTree = "<group>"; };
		6308E7B626101FD3002DA988 /* Info.plist */ = {isa = PBXFileReference; lastKnownFileType = text.plist.xml; path = Info.plist; sourceTree = "<group>"; };
		6308E7BB26101FD3002DA988 /* shadowSocketUITests.xctest */ = {isa = PBXFileReference; explicitFileType = wrapper.cfbundle; includeInIndex = 0; path = shadowSocketUITests.xctest; sourceTree = BUILT_PRODUCTS_DIR; };
		6308E7BF26101FD3002DA988 /* shadowSocketUITests.m */ = {isa = PBXFileReference; lastKnownFileType = sourcecode.c.objc; path = shadowSocketUITests.m; sourceTree = "<group>"; };
		6308E7C126101FD3002DA988 /* Info.plist */ = {isa = PBXFileReference; lastKnownFileType = text.plist.xml; path = Info.plist; sourceTree = "<group>"; };
		63103214263E4E1700757009 /* AioServer.h */ = {isa = PBXFileReference; lastKnownFileType = sourcecode.c.h; path = AioServer.h; sourceTree = "<group>"; };
		63103215263E4E4A00757009 /* AioServer.m */ = {isa = PBXFileReference; lastKnownFileType = sourcecode.c.objc; path = AioServer.m; sourceTree = "<group>"; };
		63F3968626230B1C009F91C1 /* GCDAsyncSocket.m */ = {isa = PBXFileReference; fileEncoding = 4; lastKnownFileType = sourcecode.c.objc; name = GCDAsyncSocket.m; path = "../../CocoaAsyncSocket-master/Source/GCD/GCDAsyncSocket.m"; sourceTree = "<group>"; };
		63F3968726230B1C009F91C1 /* GCDAsyncSocket.h */ = {isa = PBXFileReference; fileEncoding = 4; lastKnownFileType = sourcecode.c.h; name = GCDAsyncSocket.h; path = "../../CocoaAsyncSocket-master/Source/GCD/GCDAsyncSocket.h"; sourceTree = "<group>"; };
/* End PBXFileReference section */

/* Begin PBXFrameworksBuildPhase section */
		6308E78F26101FD1002DA988 /* Frameworks */ = {
			isa = PBXFrameworksBuildPhase;
			buildActionMask = 2147483647;
			files = (
			);
			runOnlyForDeploymentPostprocessing = 0;
		};
		6308E7AD26101FD3002DA988 /* Frameworks */ = {
			isa = PBXFrameworksBuildPhase;
			buildActionMask = 2147483647;
			files = (
			);
			runOnlyForDeploymentPostprocessing = 0;
		};
		6308E7B826101FD3002DA988 /* Frameworks */ = {
			isa = PBXFrameworksBuildPhase;
			buildActionMask = 2147483647;
			files = (
			);
			runOnlyForDeploymentPostprocessing = 0;
		};
/* End PBXFrameworksBuildPhase section */

/* Begin PBXGroup section */
		6308E78926101FD1002DA988 = {
			isa = PBXGroup;
			children = (
				6308E79426101FD1002DA988 /* shadowSocket */,
				6308E7B326101FD3002DA988 /* shadowSocketTests */,
				6308E7BE26101FD3002DA988 /* shadowSocketUITests */,
				6308E79326101FD1002DA988 /* Products */,
			);
			sourceTree = "<group>";
		};
		6308E79326101FD1002DA988 /* Products */ = {
			isa = PBXGroup;
			children = (
				6308E79226101FD1002DA988 /* shadowSocket.app */,
				6308E7B026101FD3002DA988 /* shadowSocketTests.xctest */,
				6308E7BB26101FD3002DA988 /* shadowSocketUITests.xctest */,
			);
			name = Products;
			sourceTree = "<group>";
		};
		6308E79426101FD1002DA988 /* shadowSocket */ = {
			isa = PBXGroup;
			children = (
				63103214263E4E1700757009 /* AioServer.h */,
				63103215263E4E4A00757009 /* AioServer.m */,
				63F3968726230B1C009F91C1 /* GCDAsyncSocket.h */,
				63F3968626230B1C009F91C1 /* GCDAsyncSocket.m */,
				6308E79526101FD1002DA988 /* AppDelegate.h */,
				6308E79626101FD1002DA988 /* AppDelegate.m */,
				6308E79B26101FD1002DA988 /* ViewController.h */,
				6308E79C26101FD1002DA988 /* ViewController.m */,
				6308E79E26101FD1002DA988 /* Main.storyboard */,
				6308E7A426101FD3002DA988 /* Assets.xcassets */,
				6308E7A626101FD3002DA988 /* LaunchScreen.storyboard */,
				6308E7A926101FD3002DA988 /* Info.plist */,
				6308E7AA26101FD3002DA988 /* main.m */,
				6308E7A126101FD1002DA988 /* shadowSocket.xcdatamodeld */,
			);
			path = shadowSocket;
			sourceTree = "<group>";
		};
		6308E7B326101FD3002DA988 /* shadowSocketTests */ = {
			isa = PBXGroup;
			children = (
				6308E7B426101FD3002DA988 /* shadowSocketTests.m */,
				6308E7B626101FD3002DA988 /* Info.plist */,
			);
			path = shadowSocketTests;
			sourceTree = "<group>";
		};
		6308E7BE26101FD3002DA988 /* shadowSocketUITests */ = {
			isa = PBXGroup;
			children = (
				6308E7BF26101FD3002DA988 /* shadowSocketUITests.m */,
				6308E7C126101FD3002DA988 /* Info.plist */,
			);
			path = shadowSocketUITests;
			sourceTree = "<group>";
		};
/* End PBXGroup section */

/* Begin PBXNativeTarget section */
		6308E79126101FD1002DA988 /* shadowSocket */ = {
			isa = PBXNativeTarget;
			buildConfigurationList = 6308E7C426101FD3002DA988 /* Build configuration list for PBXNativeTarget "shadowSocket" */;
			buildPhases = (
				6308E78E26101FD1002DA988 /* Sources */,
				6308E78F26101FD1002DA988 /* Frameworks */,
				6308E79026101FD1002DA988 /* Resources */,
			);
			buildRules = (
			);
			dependencies = (
			);
			name = shadowSocket;
			productName = shadowSocket;
			productReference = 6308E79226101FD1002DA988 /* shadowSocket.app */;
			productType = "com.apple.product-type.application";
		};
		6308E7AF26101FD3002DA988 /* shadowSocketTests */ = {
			isa = PBXNativeTarget;
			buildConfigurationList = 6308E7C726101FD3002DA988 /* Build configuration list for PBXNativeTarget "shadowSocketTests" */;
			buildPhases = (
				6308E7AC26101FD3002DA988 /* Sources */,
				6308E7AD26101FD3002DA988 /* Frameworks */,
				6308E7AE26101FD3002DA988 /* Resources */,
			);
			buildRules = (
			);
			dependencies = (
				6308E7B226101FD3002DA988 /* PBXTargetDependency */,
			);
			name = shadowSocketTests;
			productName = shadowSocketTests;
			productReference = 6308E7B026101FD3002DA988 /* shadowSocketTests.xctest */;
			productType = "com.apple.product-type.bundle.unit-test";
		};
		6308E7BA26101FD3002DA988 /* shadowSocketUITests */ = {
			isa = PBXNativeTarget;
			buildConfigurationList = 6308E7CA26101FD3002DA988 /* Build configuration list for PBXNativeTarget "shadowSocketUITests" */;
			buildPhases = (
				6308E7B726101FD3002DA988 /* Sources */,
				6308E7B826101FD3002DA988 /* Frameworks */,
				6308E7B926101FD3002DA988 /* Resources */,
			);
			buildRules = (
			);
			dependencies = (
				6308E7BD26101FD3002DA988 /* PBXTargetDependency */,
			);
			name = shadowSocketUITests;
			productName = shadowSocketUITests;
			productReference = 6308E7BB26101FD3002DA988 /* shadowSocketUITests.xctest */;
			productType = "com.apple.product-type.bundle.ui-testing";
		};
/* End PBXNativeTarget section */

/* Begin PBXProject section */
		6308E78A26101FD1002DA988 /* Project object */ = {
			isa = PBXProject;
			attributes = {
				LastUpgradeCheck = 1240;
				TargetAttributes = {
					6308E79126101FD1002DA988 = {
						CreatedOnToolsVersion = 12.4;
					};
					6308E7AF26101FD3002DA988 = {
						CreatedOnToolsVersion = 12.4;
						TestTargetID = 6308E79126101FD1002DA988;
					};
					6308E7BA26101FD3002DA988 = {
						CreatedOnToolsVersion = 12.4;
						TestTargetID = 6308E79126101FD1002DA988;
					};
				};
			};
			buildConfigurationList = 6308E78D26101FD1002DA988 /* Build configuration list for PBXProject "shadowSocket" */;
			compatibilityVersion = "Xcode 9.3";
			developmentRegion = en;
			hasScannedForEncodings = 0;
			knownRegions = (
				en,
				Base,
				English,
			);
			mainGroup = 6308E78926101FD1002DA988;
			productRefGroup = 6308E79326101FD1002DA988 /* Products */;
			projectDirPath = "";
			projectRoot = "";
			targets = (
				6308E79126101FD1002DA988 /* shadowSocket */,
				6308E7AF26101FD3002DA988 /* shadowSocketTests */,
				6308E7BA26101FD3002DA988 /* shadowSocketUITests */,
			);
		};
/* End PBXProject section */

/* Begin PBXResourcesBuildPhase section */
		6308E79026101FD1002DA988 /* Resources */ = {
			isa = PBXResourcesBuildPhase;
			buildActionMask = 2147483647;
			files = (
				6308E7A826101FD3002DA988 /* LaunchScreen.storyboard in Resources */,
				6308E7A526101FD3002DA988 /* Assets.xcassets in Resources */,
				6308E7A026101FD1002DA988 /* Main.storyboard in Resources */,
			);
			runOnlyForDeploymentPostprocessing = 0;
		};
		6308E7AE26101FD3002DA988 /* Resources */ = {
			isa = PBXResourcesBuildPhase;
			buildActionMask = 2147483647;
			files = (
			);
			runOnlyForDeploymentPostprocessing = 0;
		};
		6308E7B926101FD3002DA988 /* Resources */ = {
			isa = PBXResourcesBuildPhase;
			buildActionMask = 2147483647;
			files = (
			);
			runOnlyForDeploymentPostprocessing = 0;
		};
/* End PBXResourcesBuildPhase section */

/* Begin PBXSourcesBuildPhase section */
		6308E78E26101FD1002DA988 /* Sources */ = {
			isa = PBXSourcesBuildPhase;
			buildActionMask = 2147483647;
			files = (
				6308E7AB26101FD3002DA988 /* main.m in Sources */,
				63103216263E4E4A00757009 /* AioServer.m in Sources */,
				6308E7A326101FD1002DA988 /* shadowSocket.xcdatamodeld in Sources */,
				6308E79D26101FD1002DA988 /* ViewController.m in Sources */,
				6308E79726101FD1002DA988 /* AppDelegate.m in Sources */,
				63F3968926230B1C009F91C1 /* GCDAsyncSocket.m in Sources */,
			);
			runOnlyForDeploymentPostprocessing = 0;
		};
		6308E7AC26101FD3002DA988 /* Sources */ = {
			isa = PBXSourcesBuildPhase;
			buildActionMask = 2147483647;
			files = (
				6308E7B526101FD3002DA988 /* shadowSocketTests.m in Sources */,
			);
			runOnlyForDeploymentPostprocessing = 0;
		};
		6308E7B726101FD3002DA988 /* Sources */ = {
			isa = PBXSourcesBuildPhase;
			buildActionMask = 2147483647;
			files = (
				6308E7C026101FD3002DA988 /* shadowSocketUITests.m in Sources */,
			);
			runOnlyForDeploymentPostprocessing = 0;
		};
/* End PBXSourcesBuildPhase section */

/* Begin PBXTargetDependency section */
		6308E7B226101FD3002DA988 /* PBXTargetDependency */ = {
			isa = PBXTargetDependency;
			target = 6308E79126101FD1002DA988 /* shadowSocket */;
			targetProxy = 6308E7B126101FD3002DA988 /* PBXContainerItemProxy */;
		};
		6308E7BD26101FD3002DA988 /* PBXTargetDependency */ = {
			isa = PBXTargetDependency;
			target = 6308E79126101FD1002DA988 /* shadowSocket */;
			targetProxy = 6308E7BC26101FD3002DA988 /* PBXContainerItemProxy */;
		};
/* End PBXTargetDependency section */

/* Begin PBXVariantGroup section */
		6308E79E26101FD1002DA988 /* Main.storyboard */ = {
			isa = PBXVariantGroup;
			children = (
				6308E79F26101FD1002DA988 /* Base */,
			);
			name = Main.storyboard;
			sourceTree = "<group>";
		};
		6308E7A626101FD3002DA988 /* LaunchScreen.storyboard */ = {
			isa = PBXVariantGroup;
			children = (
				6308E7A726101FD3002DA988 /* Base */,
			);
			name = LaunchScreen.storyboard;
			sourceTree = "<group>";
		};
/* End PBXVariantGroup section */

/* Begin XCBuildConfiguration section */
		6308E7C226101FD3002DA988 /* Debug */ = {
			isa = XCBuildConfiguration;
			buildSettings = {
				ALWAYS_SEARCH_USER_PATHS = NO;
				CLANG_ANALYZER_NONNULL = YES;
				CLANG_ANALYZER_NUMBER_OBJECT_CONVERSION = YES_AGGRESSIVE;
				CLANG_CXX_LANGUAGE_STANDARD = "gnu++14";
				CLANG_CXX_LIBRARY = "libc++";
				CLANG_ENABLE_MODULES = YES;
				CLANG_ENABLE_OBJC_ARC = YES;
				CLANG_ENABLE_OBJC_WEAK = YES;
				CLANG_WARN_BLOCK_CAPTURE_AUTORELEASING = YES;
				CLANG_WARN_BOOL_CONVERSION = YES;
				CLANG_WARN_COMMA = YES;
				CLANG_WARN_CONSTANT_CONVERSION = YES;
				CLANG_WARN_DEPRECATED_OBJC_IMPLEMENTATIONS = YES;
				CLANG_WARN_DIRECT_OBJC_ISA_USAGE = YES_ERROR;
				CLANG_WARN_DOCUMENTATION_COMMENTS = YES;
				CLANG_WARN_EMPTY_BODY = YES;
				CLANG_WARN_ENUM_CONVERSION = YES;
				CLANG_WARN_INFINITE_RECURSION = YES;
				CLANG_WARN_INT_CONVERSION = YES;
				CLANG_WARN_NON_LITERAL_NULL_CONVERSION = YES;
				CLANG_WARN_OBJC_IMPLICIT_RETAIN_SELF = YES;
				CLANG_WARN_OBJC_LITERAL_CONVERSION = YES;
				CLANG_WARN_OBJC_ROOT_CLASS = YES_ERROR;
				CLANG_WARN_QUOTED_INCLUDE_IN_FRAMEWORK_HEADER = YES;
				CLANG_WARN_RANGE_LOOP_ANALYSIS = YES;
				CLANG_WARN_STRICT_PROTOTYPES = YES;
				CLANG_WARN_SUSPICIOUS_MOVE = YES;
				CLANG_WARN_UNGUARDED_AVAILABILITY = YES_AGGRESSIVE;
				CLANG_WARN_UNREACHABLE_CODE = YES;
				CLANG_WARN__DUPLICATE_METHOD_MATCH = YES;
				COPY_PHASE_STRIP = NO;
				DEBUG_INFORMATION_FORMAT = dwarf;
				ENABLE_STRICT_OBJC_MSGSEND = YES;
				ENABLE_TESTABILITY = YES;
				GCC_C_LANGUAGE_STANDARD = gnu11;
				GCC_DYNAMIC_NO_PIC = NO;
				GCC_NO_COMMON_BLOCKS = YES;
				GCC_OPTIMIZATION_LEVEL = 0;
				GCC_PREPROCESSOR_DEFINITIONS = (
					"DEBUG=1",
					"$(inherited)",
				);
				GCC_WARN_64_TO_32_BIT_CONVERSION = YES;
				GCC_WARN_ABOUT_RETURN_TYPE = YES_ERROR;
				GCC_WARN_UNDECLARED_SELECTOR = YES;
				GCC_WARN_UNINITIALIZED_AUTOS = YES_AGGRESSIVE;
				GCC_WARN_UNUSED_FUNCTION = YES;
				GCC_WARN_UNUSED_VARIABLE = YES;
				IPHONEOS_DEPLOYMENT_TARGET = 12.1;
				MTL_ENABLE_DEBUG_INFO = INCLUDE_SOURCE;
				MTL_FAST_MATH = YES;
				ONLY_ACTIVE_ARCH = YES;
				SDKROOT = iphoneos;
			};
			name = Debug;
		};
		6308E7C326101FD3002DA988 /* Release */ = {
			isa = XCBuildConfiguration;
			buildSettings = {
				ALWAYS_SEARCH_USER_PATHS = NO;
				CLANG_ANALYZER_NONNULL = YES;
				CLANG_ANALYZER_NUMBER_OBJECT_CONVERSION = YES_AGGRESSIVE;
				CLANG_CXX_LANGUAGE_STANDARD = "gnu++14";
				CLANG_CXX_LIBRARY = "libc++";
				CLANG_ENABLE_MODULES = YES;
				CLANG_ENABLE_OBJC_ARC = YES;
				CLANG_ENABLE_OBJC_WEAK = YES;
				CLANG_WARN_BLOCK_CAPTURE_AUTORELEASING = YES;
				CLANG_WARN_BOOL_CONVERSION = YES;
				CLANG_WARN_COMMA = YES;
				CLANG_WARN_CONSTANT_CONVERSION = YES;
				CLANG_WARN_DEPRECATED_OBJC_IMPLEMENTATIONS = YES;
				CLANG_WARN_DIRECT_OBJC_ISA_USAGE = YES_ERROR;
				CLANG_WARN_DOCUMENTATION_COMMENTS = YES;
				CLANG_WARN_EMPTY_BODY = YES;
				CLANG_WARN_ENUM_CONVERSION = YES;
				CLANG_WARN_INFINITE_RECURSION = YES;
				CLANG_WARN_INT_CONVERSION = YES;
				CLANG_WARN_NON_LITERAL_NULL_CONVERSION = YES;
				CLANG_WARN_OBJC_IMPLICIT_RETAIN_SELF = YES;
				CLANG_WARN_OBJC_LITERAL_CONVERSION = YES;
				CLANG_WARN_OBJC_ROOT_CLASS = YES_ERROR;
				CLANG_WARN_QUOTED_INCLUDE_IN_FRAMEWORK_HEADER = YES;
				CLANG_WARN_RANGE_LOOP_ANALYSIS = YES;
				CLANG_WARN_STRICT_PROTOTYPES = YES;
				CLANG_WARN_SUSPICIOUS_MOVE = YES;
				CLANG_WARN_UNGUARDED_AVAILABILITY = YES_AGGRESSIVE;
				CLANG_WARN_UNREACHABLE_CODE = YES;
				CLANG_WARN__DUPLICATE_METHOD_MATCH = YES;
				COPY_PHASE_STRIP = NO;
				DEBUG_INFORMATION_FORMAT = "dwarf-with-dsym";
				ENABLE_NS_ASSERTIONS = NO;
				ENABLE_STRICT_OBJC_MSGSEND = YES;
				GCC_C_LANGUAGE_STANDARD = gnu11;
				GCC_NO_COMMON_BLOCKS = YES;
				GCC_WARN_64_TO_32_BIT_CONVERSION = YES;
				GCC_WARN_ABOUT_RETURN_TYPE = YES_ERROR;
				GCC_WARN_UNDECLARED_SELECTOR = YES;
				GCC_WARN_UNINITIALIZED_AUTOS = YES_AGGRESSIVE;
				GCC_WARN_UNUSED_FUNCTION = YES;
				GCC_WARN_UNUSED_VARIABLE = YES;
				IPHONEOS_DEPLOYMENT_TARGET = 12.1;
				MTL_ENABLE_DEBUG_INFO = NO;
				MTL_FAST_MATH = YES;
				SDKROOT = iphoneos;
				VALIDATE_PRODUCT = YES;
			};
			name = Release;
		};
		6308E7C526101FD3002DA988 /* Debug */ = {
			isa = XCBuildConfiguration;
			buildSettings = {
				ASSETCATALOG_COMPILER_APPICON_NAME = AppIcon;
				ASSETCATALOG_COMPILER_GLOBAL_ACCENT_COLOR_NAME = AccentColor;
				CODE_SIGN_IDENTITY = "Apple Development";
				CODE_SIGN_STYLE = Automatic;
				DEVELOPMENT_TEAM = "";
				INFOPLIST_FILE = shadowSocket/Info.plist;
				IPHONEOS_DEPLOYMENT_TARGET = 10.0;
				LD_RUNPATH_SEARCH_PATHS = (
					"$(inherited)",
					"@executable_path/Frameworks",
				);
				PRODUCT_BUNDLE_IDENTIFIER = aima.shadowSocket;
				PRODUCT_NAME = "$(TARGET_NAME)";
				PROVISIONING_PROFILE_SPECIFIER = "";
				TARGETED_DEVICE_FAMILY = 1;
			};
			name = Debug;
		};
		6308E7C626101FD3002DA988 /* Release */ = {
			isa = XCBuildConfiguration;
			buildSettings = {
				ASSETCATALOG_COMPILER_APPICON_NAME = AppIcon;
				ASSETCATALOG_COMPILER_GLOBAL_ACCENT_COLOR_NAME = AccentColor;
				CODE_SIGN_IDENTITY = "Apple Development";
				CODE_SIGN_STYLE = Automatic;
				DEVELOPMENT_TEAM = "";
				INFOPLIST_FILE = shadowSocket/Info.plist;
				IPHONEOS_DEPLOYMENT_TARGET = 10.0;
				LD_RUNPATH_SEARCH_PATHS = (
					"$(inherited)",
					"@executable_path/Frameworks",
				);
				PRODUCT_BUNDLE_IDENTIFIER = aima.shadowSocket;
				PRODUCT_NAME = "$(TARGET_NAME)";
				PROVISIONING_PROFILE_SPECIFIER = "";
				TARGETED_DEVICE_FAMILY = 1;
			};
			name = Release;
		};
		6308E7C826101FD3002DA988 /* Debug */ = {
			isa = XCBuildConfiguration;
			buildSettings = {
				BUNDLE_LOADER = "$(TEST_HOST)";
				CODE_SIGN_STYLE = Automatic;
				INFOPLIST_FILE = shadowSocketTests/Info.plist;
				IPHONEOS_DEPLOYMENT_TARGET = 14.4;
				LD_RUNPATH_SEARCH_PATHS = (
					"$(inherited)",
					"@executable_path/Frameworks",
					"@loader_path/Frameworks",
				);
				PRODUCT_BUNDLE_IDENTIFIER = aima.shadowSocketTests;
				PRODUCT_NAME = "$(TARGET_NAME)";
				TARGETED_DEVICE_FAMILY = "1,2";
				TEST_HOST = "$(BUILT_PRODUCTS_DIR)/shadowSocket.app/shadowSocket";
			};
			name = Debug;
		};
		6308E7C926101FD3002DA988 /* Release */ = {
			isa = XCBuildConfiguration;
			buildSettings = {
				BUNDLE_LOADER = "$(TEST_HOST)";
				CODE_SIGN_STYLE = Automatic;
				INFOPLIST_FILE = shadowSocketTests/Info.plist;
				IPHONEOS_DEPLOYMENT_TARGET = 14.4;
				LD_RUNPATH_SEARCH_PATHS = (
					"$(inherited)",
					"@executable_path/Frameworks",
					"@loader_path/Frameworks",
				);
				PRODUCT_BUNDLE_IDENTIFIER = aima.shadowSocketTests;
				PRODUCT_NAME = "$(TARGET_NAME)";
				TARGETED_DEVICE_FAMILY = "1,2";
				TEST_HOST = "$(BUILT_PRODUCTS_DIR)/shadowSocket.app/shadowSocket";
			};
			name = Release;
		};
		6308E7CB26101FD3002DA988 /* Debug */ = {
			isa = XCBuildConfiguration;
			buildSettings = {
				"CODE_SIGN_IDENTITY[sdk=macosx*]" = "Apple Development";
				CODE_SIGN_STYLE = Automatic;
				INFOPLIST_FILE = shadowSocketUITests/Info.plist;
				LD_RUNPATH_SEARCH_PATHS = (
					"$(inherited)",
					"@executable_path/Frameworks",
					"@loader_path/Frameworks",
				);
				PRODUCT_BUNDLE_IDENTIFIER = aima.shadowSocketUITests;
				PRODUCT_NAME = "$(TARGET_NAME)";
				TARGETED_DEVICE_FAMILY = "1,2";
				TEST_TARGET_NAME = shadowSocket;
			};
			name = Debug;
		};
		6308E7CC26101FD3002DA988 /* Release */ = {
			isa = XCBuildConfiguration;
			buildSettings = {
				"CODE_SIGN_IDENTITY[sdk=macosx*]" = "Apple Development";
				CODE_SIGN_STYLE = Automatic;
				INFOPLIST_FILE = shadowSocketUITests/Info.plist;
				LD_RUNPATH_SEARCH_PATHS = (
					"$(inherited)",
					"@executable_path/Frameworks",
					"@loader_path/Frameworks",
				);
				PRODUCT_BUNDLE_IDENTIFIER = aima.shadowSocketUITests;
				PRODUCT_NAME = "$(TARGET_NAME)";
				TARGETED_DEVICE_FAMILY = "1,2";
				TEST_TARGET_NAME = shadowSocket;
			};
			name = Release;
		};
/* End XCBuildConfiguration section */

/* Begin XCConfigurationList section */
		6308E78D26101FD1002DA988 /* Build configuration list for PBXProject "shadowSocket" */ = {
			isa = XCConfigurationList;
			buildConfigurations = (
				6308E7C226101FD3002DA988 /* Debug */,
				6308E7C326101FD3002DA988 /* Release */,
			);
			defaultConfigurationIsVisible = 0;
			defaultConfigurationName = Release;
		};
		6308E7C426101FD3002DA988 /* Build configuration list for PBXNativeTarget "shadowSocket" */ = {
			isa = XCConfigurationList;
			buildConfigurations = (
				6308E7C526101FD3002DA988 /* Debug */,
				6308E7C626101FD3002DA988 /* Release */,
			);
			defaultConfigurationIsVisible = 0;
			defaultConfigurationName = Release;
		};
		6308E7C726101FD3002DA988 /* Build configuration list for PBXNativeTarget "shadowSocketTests" */ = {
			isa = XCConfigurationList;
			buildConfigurations = (
				6308E7C826101FD3002DA988 /* Debug */,
				6308E7C926101FD3002DA988 /* Release */,
			);
			defaultConfigurationIsVisible = 0;
			defaultConfigurationName = Release;
		};
		6308E7CA26101FD3002DA988 /* Build configuration list for PBXNativeTarget "shadowSocketUITests" */ = {
			isa = XCConfigurationList;
			buildConfigurations = (
				6308E7CB26101FD3002DA988 /* Debug */,
				6308E7CC26101FD3002DA988 /* Release */,
			);
			defaultConfigurationIsVisible = 0;
			defaultConfigurationName = Release;
		};
/* End XCConfigurationList section */

/* Begin XCVersionGroup section */
		6308E7A126101FD1002DA988 /* shadowSocket.xcdatamodeld */ = {
			isa = XCVersionGroup;
			children = (
				6308E7A226101FD1002DA988 /* shadowSocket.xcdatamodel */,
			);
			currentVersion = 6308E7A226101FD1002DA988 /* shadowSocket.xcdatamodel */;
			path = shadowSocket.xcdatamodeld;
			sourceTree = "<group>";
			versionGroupType = wrapper.xcdatamodel;
		};
/* End XCVersionGroup section */
	};
	rootObject = 6308E78A26101FD1002DA988 /* Project object */;
}
